{
  "name": "patcher",
  "version": "1.0.0",
  "lockfileVersion": 2,
  "requires": true,
  "packages": {
    "": {
      "name": "patcher",
      "version": "1.0.0",
      "license": "ISC",
      "dependencies": {
        "aes-js": "^3.1.2",
        "ext2fs": "^4.1.1",
        "file-disk": "^8.0.1"
      }
    },
    "node_modules/aes-js": {
      "version": "3.1.2",
      "resolved": "https://registry.npmjs.org/aes-js/-/aes-js-3.1.2.tgz",
      "integrity": "sha512-e5pEa2kBnBOgR4Y/p20pskXI74UEz7de8ZGVo58asOtvSVG5YAbJeELPZxOmt+Bnz3rX753YKhfIn4X4l1PPRQ=="
    },
    "node_modules/ext2fs": {
      "version": "4.1.1",
      "resolved": "https://registry.npmjs.org/ext2fs/-/ext2fs-4.1.1.tgz",
      "integrity": "sha512-gep7phN8OY7KOxcPsx3jCq/vnCyR0nA0UL4pgKPJ5xk/6ald5CurwAeFlaqtg3WKhGMWKnDlbR24KD8JoVI3Fg=="
    },
    "node_modules/file-disk": {
      "version": "8.0.1",
      "resolved": "https://registry.npmjs.org/file-disk/-/file-disk-8.0.1.tgz",
      "integrity": "sha512-oO1bkG2RmZnMqteiAO3Uhffj/f6PJ5WY3fdVJJuI5tDbDgW3MgQvhQsDpijX81TXCbxRAKaNFdEQABTTyjL+og==",
      "dependencies": {
        "tslib": "^2.0.0"
      }
    },
    "node_modules/tslib": {
      "version": "2.4.0",
      "resolved": "https://registry.npmjs.org/tslib/-/tslib-2.4.0.tgz",
      "integrity": "sha512-d6xOpEDfsi2CZVlPQzGeux8XMwLT9hssAsaPYExaQMuYskwb+x1x7J371tWlbBdWHroy99KnVB6qIkUbs5X3UQ=="
    }
  },
  "dependencies": {
    "aes-js": {
      "version": "3.1.2",
      "resolved": "https://registry.npmjs.org/aes-js/-/aes-js-3.1.2.tgz",
      "integrity": "sha512-e5pEa2kBnBOgR4Y/p20pskXI74UEz7de8ZGVo58asOtvSVG5YAbJeELPZxOmt+Bnz3rX753YKhfIn4X4l1PPRQ=="
    },
    "ext2fs": {
      "version": "4.1.1",
      "resolved": "https://registry.npmjs.org/ext2fs/-/ext2fs-4.1.1.tgz",
      "integrity": "sha512-gep7phN8OY7KOxcPsx3jCq/vnCyR0nA0UL4pgKPJ5xk/6ald5CurwAeFlaqtg3WKhGMWKnDlbR24KD8JoVI3Fg=="
    },
    "file-disk": {
      "version": "8.0.1",
      "resolved": "https://registry.npmjs.org/file-disk/-/file-disk-8.0.1.tgz",
      "integrity": "sha512-oO1bkG2RmZnMqteiAO3Uhffj/f6PJ5WY3fdVJJuI5tDbDgW3MgQvhQsDpijX81TXCbxRAKaNFdEQABTTyjL+og==",
      "requires": {
        "tslib": "^2.0.0"
      }
    },
    "tslib": {
      "version": "2.4.0",
      "resolved": "https://registry.npmjs.org/tslib/-/tslib-2.4.0.tgz",
      "integrity": "sha512-d6xOpEDfsi2CZVlPQzGeux8XMwLT9hssAsaPYExaQMuYskwb+x1x7J371tWlbBdWHroy99KnVB6qIkUbs5X3UQ=="
    }
  }
}
